# THIS IS AN AUTOGENERATED FILE. DO NOT EDIT THIS FILE DIRECTLY.
# yarn lockfile v1


"@trpc/client@^10.38.3":
  version "10.38.3"
  resolved "https://registry.yarnpkg.com/@trpc/client/-/client-10.38.3.tgz#42d895cdbbf8359f0c650c53b817f7b412794f5b"
  integrity sha512-hHPsElTL4sB+UGzuAZ4iwRVHjELrk/Nsl2owsYw9ITJz3EY7VWRsQ6vK48kJvlHPYPhP+efID5UOgyZMs4bFXA==

"@trpc/server@^10.38.3":
  version "10.38.3"
  resolved "https://registry.yarnpkg.com/@trpc/server/-/server-10.38.3.tgz#0f0b7c2851239eb6d3d24756193f639a5385d567"
  integrity sha512-9s8/kwo2IDB5hwB2SKZZrfevRhdb1f9fdXtIYd3lbQuf2jQaC/LyQuHaIQjDQoUx9updBfsHXcFFPiCP1DL6pg==

zod@^3.22.2:
  version "3.22.2"
  resolved "https://registry.yarnpkg.com/zod/-/zod-3.22.2.tgz#3add8c682b7077c05ac6f979fea6998b573e157b"
  integrity sha512-wvWkphh5WQsJbVk1tbx1l1Ly4yg+XecD+Mq280uBGt9wa5BKSWf4Mhp6GmrkPixhMxmabYY7RbzlwVP32pbGCg==
