# THIS IS AN AUTOGENERATED FILE. DO NOT EDIT THIS FILE DIRECTLY.
# yarn lockfile v1


"@biomejs/biome@^1.2.2":
  version "1.2.2"
  resolved "https://registry.yarnpkg.com/@biomejs/biome/-/biome-1.2.2.tgz#cfcceae7f4e55ef057a9b9576ef89563ca0c6d07"
  integrity sha512-fXwXi56ZdaKO/N3rTmhWw41UxstoviODk+wia4WWNSlm23r8xJ/NxjaZ88scV2IsmsFHqc8rmwb2dkrStAdIEw==
  optionalDependencies:
    "@biomejs/cli-darwin-arm64" "1.2.2"
    "@biomejs/cli-darwin-x64" "1.2.2"
    "@biomejs/cli-linux-arm64" "1.2.2"
    "@biomejs/cli-linux-x64" "1.2.2"
    "@biomejs/cli-win32-arm64" "1.2.2"
    "@biomejs/cli-win32-x64" "1.2.2"

"@biomejs/cli-darwin-arm64@1.2.2":
  version "1.2.2"
  resolved "https://registry.yarnpkg.com/@biomejs/cli-darwin-arm64/-/cli-darwin-arm64-1.2.2.tgz#459a337f574d1a78d9d6a443fc00724d82804ffe"
  integrity sha512-Fx1IURKhoqH6wPawtKLT6wcfMSjRRcNK8+VWau0iDOjXvNtjJpSmICbU89B7Vt/gZRwPqkfDMBkFwm6V5vFTSQ==

"@biomejs/cli-darwin-x64@1.2.2":
  version "1.2.2"
  resolved "https://registry.yarnpkg.com/@biomejs/cli-darwin-x64/-/cli-darwin-x64-1.2.2.tgz#892ea688b5d5ddbca9d0bc33c24aa2840a62b284"
  integrity sha512-JNaAFOI/ZisnmzvcFNd73geJxaFaN2L4YsWM6cgBeKyLY/ycl9C/PBTFfEmeB1c7f5XIIal8P2cj47kLJpN5Ig==

"@biomejs/cli-linux-arm64@1.2.2":
  version "1.2.2"
  resolved "https://registry.yarnpkg.com/@biomejs/cli-linux-arm64/-/cli-linux-arm64-1.2.2.tgz#b7a00f9d9e999daa36ee4581a37a0b13326ec899"
  integrity sha512-JHXRnfhOLx8UO/Fcyn2c5pFRri0XKqRZm2wf5oH5GSfLVpckDw2X15dYGbu3nmfM/3pcAaTV46pUpjrCnaAieg==

"@biomejs/cli-linux-x64@1.2.2":
  version "1.2.2"
  resolved "https://registry.yarnpkg.com/@biomejs/cli-linux-x64/-/cli-linux-x64-1.2.2.tgz#4c55181f8231e7aa05b2841944a48dd81af443b8"
  integrity sha512-5Zr+iM7lUKsw81p9PkXRESuH2/AhRZ6RCWkgE+FSLcxMhXy/4RDR+o2YQDsJM6cWKIzOJM05vDHTGrDq7vXE4A==

"@biomejs/cli-win32-arm64@1.2.2":
  version "1.2.2"
  resolved "https://registry.yarnpkg.com/@biomejs/cli-win32-arm64/-/cli-win32-arm64-1.2.2.tgz#6fa05d52903c3fff55bd693c5b1ca778504cd4cc"
  integrity sha512-HvUcG2p++RvYP0zfOqh+DgiUUH+JI/uETr0kzWlOJ9F3lsG525pkywg4RSd4OvJd7Wpd3wt3UpN/A4IEJaVmbA==

"@biomejs/cli-win32-x64@1.2.2":
  version "1.2.2"
  resolved "https://registry.yarnpkg.com/@biomejs/cli-win32-x64/-/cli-win32-x64-1.2.2.tgz#583e50d8a1a1cc81381200d3cb2f34669c6afd35"
  integrity sha512-bfaFJwqJ9ApFga2o88OaROSd3pasYRzRGXHJWAE9VUUKdSNSTYxHOqVrNvV54yYPtL6Kt9xkuZa4HNu9it3TaA==

"@trpc/client@^10.38.3":
  version "10.38.3"
  resolved "https://registry.yarnpkg.com/@trpc/client/-/client-10.38.3.tgz#42d895cdbbf8359f0c650c53b817f7b412794f5b"
  integrity sha512-hHPsElTL4sB+UGzuAZ4iwRVHjELrk/Nsl2owsYw9ITJz3EY7VWRsQ6vK48kJvlHPYPhP+efID5UOgyZMs4bFXA==

"@trpc/server@^10.38.3":
  version "10.38.3"
  resolved "https://registry.yarnpkg.com/@trpc/server/-/server-10.38.3.tgz#0f0b7c2851239eb6d3d24756193f639a5385d567"
  integrity sha512-9s8/kwo2IDB5hwB2SKZZrfevRhdb1f9fdXtIYd3lbQuf2jQaC/LyQuHaIQjDQoUx9updBfsHXcFFPiCP1DL6pg==

zod@^3.22.2:
  version "3.22.2"
  resolved "https://registry.yarnpkg.com/zod/-/zod-3.22.2.tgz#3add8c682b7077c05ac6f979fea6998b573e157b"
  integrity sha512-wvWkphh5WQsJbVk1tbx1l1Ly4yg+XecD+Mq280uBGt9wa5BKSWf4Mhp6GmrkPixhMxmabYY7RbzlwVP32pbGCg==
